<?xml version="1.0" encoding="utf-8"?>
<Project ToolsVersion="4.0" xmlns="http://schemas.microsoft.com/developer/msbuild/2003">
  <ItemGroup>
    <ClInclude Include="Player.h" />
    <ClInclude Include="stdafx.h" />
    <ClInclude Include="Game.h" />
    <ClInclude Include="Ground.h" />
    <ClInclude Include="GameCamera.h" />
    <ClInclude Include="Object.h" />
  </ItemGroup>
  <ItemGroup>
    <ClCompile Include="stdafx.cpp" />
    <ClCompile Include="main.cpp" />
    <ClCompile Include="Player.cpp" />
    <ClCompile Include="Game.cpp" />
    <ClCompile Include="Ground.cpp" />
    <ClCompile Include="GameCamera.cpp" />
    <ClCompile Include="Object.cpp" />
  </ItemGroup>
  <ItemGroup>
    <Filter Include="Asset">
      <UniqueIdentifier>{3700eeae-5870-4565-b4dd-21f789ffeec7}</UniqueIdentifier>
    </Filter>
    <Filter Include="Asset\ground">
      <UniqueIdentifier>{e5e9dee3-6e99-4079-8ded-013b5edfe962}</UniqueIdentifier>
    </Filter>
    <Filter Include="Asset\sphere">
      <UniqueIdentifier>{4cc39c0f-1405-477b-a208-3115622572be}</UniqueIdentifier>
    </Filter>
  </ItemGroup>
  <ItemGroup>
    <None Include="Assets\modelData\unityChan\unityChan.fbx">
      <Filter>Asset</Filter>
    </None>
  </ItemGroup>
  <ItemGroup>
    <MeshContentTask Include="Assets\modelData\ground\ground.FBX">
      <Filter>Asset\ground</Filter>
    </MeshContentTask>
    <MeshContentTask Include="Assets\modelData\sphere\sphere.FBX">
      <Filter>Asset\sphere</Filter>
    </MeshContentTask>
    <MeshContentTask Include="Assets\modelData\sphere\sphere2.FBX">
      <Filter>Asset\sphere</Filter>
    </MeshContentTask>
  </ItemGroup>
</Project>