<?xml version="1.0" encoding="utf-8"?>
<Project ToolsVersion="4.0" xmlns="http://schemas.microsoft.com/developer/msbuild/2003">
  <ItemGroup>
    <ClInclude Include="Player.h" />
    <ClInclude Include="stdafx.h" />
    <ClInclude Include="Game.h" />
    <ClInclude Include="Ground.h" />
    <ClInclude Include="GameCamera.h" />
    <ClInclude Include="Object\Obj.h">
      <Filter>Object</Filter>
    </ClInclude>
    <ClInclude Include="Object\Rotation\IRot.h">
      <Filter>Object\Rot</Filter>
    </ClInclude>
    <ClInclude Include="Object\Rotation\RotDirection.h">
      <Filter>Object\Rot</Filter>
    </ClInclude>
    <ClInclude Include="Object\Rotation\RotSelf.h">
      <Filter>Object\Rot</Filter>
    </ClInclude>
    <ClInclude Include="Object\Move\IMove.h">
      <Filter>Object\Move</Filter>
    </ClInclude>
    <ClInclude Include="Object\Move\MoveLR.h">
      <Filter>Object\Move</Filter>
    </ClInclude>
    <ClInclude Include="Object\Move\MoveUp.h">
      <Filter>Object\Move</Filter>
    </ClInclude>
    <ClInclude Include="Object\Move\MoveFB.h">
      <Filter>Object\Move</Filter>
    </ClInclude>
    <ClInclude Include="Object\ObjectData.h">
      <Filter>Object</Filter>
    </ClInclude>
    <ClInclude Include="LineSegment.h" />
    <ClInclude Include="Object\Move\MovePath.h">
      <Filter>Object\Move</Filter>
    </ClInclude>
    <ClInclude Include="Object\Move\Path.h">
      <Filter>Object\Move</Filter>
    </ClInclude>
    <ClInclude Include="Object\Anim\Anim.h">
      <Filter>Object\Anim</Filter>
    </ClInclude>
    <ClInclude Include="Time.h" />
    <ClInclude Include="Title.h" />
    <ClInclude Include="Fade.h" />
    <ClInclude Include="GameData.h" />
    <ClInclude Include="Result.h" />
    <ClInclude Include="OffScreen.h">
      <Filter>offscreen</Filter>
    </ClInclude>
    <ClInclude Include="OffScreenCamera.h">
      <Filter>offscreen</Filter>
    </ClInclude>
    <ClInclude Include="Collection.h">
      <Filter>collection</Filter>
    </ClInclude>
    <ClInclude Include="StageSelect.h">
      <Filter>stageselect</Filter>
    </ClInclude>
    <ClInclude Include="StageSelectGround.h">
      <Filter>stageselect</Filter>
    </ClInclude>
    <ClInclude Include="SoundDirector.h" />
    <ClInclude Include="Ranking.h" />
    <ClInclude Include="Object\Move\MoveNone.h">
      <Filter>Object\Move</Filter>
    </ClInclude>
    <ClInclude Include="Object\Rotation\RotNone.h">
      <Filter>Object\Rot</Filter>
    </ClInclude>
    <ClInclude Include="Moji.h">
      <Filter>Object</Filter>
    </ClInclude>
    <ClInclude Include="StageSelectPoint.h">
      <Filter>stageselect</Filter>
    </ClInclude>
    <ClInclude Include="PlayerConst.h" />
  </ItemGroup>
  <ItemGroup>
    <ClCompile Include="stdafx.cpp" />
    <ClCompile Include="main.cpp" />
    <ClCompile Include="Game.cpp" />
    <ClCompile Include="Ground.cpp" />
    <ClCompile Include="GameCamera.cpp" />
    <ClCompile Include="Object\Obj.cpp">
      <Filter>Object</Filter>
    </ClCompile>
    <ClCompile Include="Object\Rotation\IRot.cpp">
      <Filter>Object\Rot</Filter>
    </ClCompile>
    <ClCompile Include="Object\Rotation\RotDirection.cpp">
      <Filter>Object\Rot</Filter>
    </ClCompile>
    <ClCompile Include="Object\Rotation\RotSelf.cpp">
      <Filter>Object\Rot</Filter>
    </ClCompile>
    <ClCompile Include="Object\Move\IMove.cpp">
      <Filter>Object\Move</Filter>
    </ClCompile>
    <ClCompile Include="Object\Move\MoveLR.cpp">
      <Filter>Object\Move</Filter>
    </ClCompile>
    <ClCompile Include="Object\Move\MoveUp.cpp">
      <Filter>Object\Move</Filter>
    </ClCompile>
    <ClCompile Include="Object\Move\MoveFB.cpp">
      <Filter>Object\Move</Filter>
    </ClCompile>
    <ClCompile Include="Object\ObjectData.cpp">
      <Filter>Object</Filter>
    </ClCompile>
    <ClCompile Include="LineSegment.cpp" />
    <ClCompile Include="Object\Move\MovePath.cpp">
      <Filter>Object\Move</Filter>
    </ClCompile>
    <ClCompile Include="Object\Move\Path.cpp">
      <Filter>Object\Move</Filter>
    </ClCompile>
    <ClCompile Include="Object\Anim\Anim.cpp">
      <Filter>Object\Anim</Filter>
    </ClCompile>
    <ClCompile Include="Time.cpp" />
    <ClCompile Include="Title.cpp" />
    <ClCompile Include="Fade.cpp" />
    <ClCompile Include="GameData.cpp" />
    <ClCompile Include="Result.cpp" />
    <ClCompile Include="Player.cpp" />
    <ClCompile Include="OffScreen.cpp">
      <Filter>offscreen</Filter>
    </ClCompile>
    <ClCompile Include="OffScreenCamera.cpp">
      <Filter>offscreen</Filter>
    </ClCompile>
    <ClCompile Include="Collection.cpp">
      <Filter>collection</Filter>
    </ClCompile>
    <ClCompile Include="StageSelect.cpp">
      <Filter>stageselect</Filter>
    </ClCompile>
    <ClCompile Include="StageSelectGround.cpp">
      <Filter>stageselect</Filter>
    </ClCompile>
    <ClCompile Include="SoundDirector.cpp" />
    <ClCompile Include="Ranking.cpp" />
    <ClCompile Include="Object\Move\MoveNone.cpp">
      <Filter>Object\Move</Filter>
    </ClCompile>
    <ClCompile Include="Object\Rotation\RotNone.cpp">
      <Filter>Object\Rot</Filter>
    </ClCompile>
    <ClCompile Include="Moji.cpp">
      <Filter>Object</Filter>
    </ClCompile>
    <ClCompile Include="StageSelectPoint.cpp">
      <Filter>stageselect</Filter>
    </ClCompile>
  </ItemGroup>
  <ItemGroup>
    <Filter Include="Asset">
      <UniqueIdentifier>{3700eeae-5870-4565-b4dd-21f789ffeec7}</UniqueIdentifier>
    </Filter>
    <Filter Include="Object">
      <UniqueIdentifier>{924f0cf8-9016-4286-b8a2-20a2ced79636}</UniqueIdentifier>
    </Filter>
    <Filter Include="Object\Move">
      <UniqueIdentifier>{12c33a7f-65b0-4903-be57-7e935c8d7b8b}</UniqueIdentifier>
    </Filter>
    <Filter Include="Object\Rot">
      <UniqueIdentifier>{70bf44a6-429c-4dc7-83c7-ad18c28fe9c7}</UniqueIdentifier>
    </Filter>
    <Filter Include="Object\Anim">
      <UniqueIdentifier>{00b1ff9c-0754-4c0c-afad-391158bf1bc2}</UniqueIdentifier>
    </Filter>
    <Filter Include="Asset\modelData">
      <UniqueIdentifier>{9358ac17-ecd0-4559-810c-5bee9d8ec9dd}</UniqueIdentifier>
    </Filter>
    <Filter Include="Asset\modelData\sphere">
      <UniqueIdentifier>{4cc39c0f-1405-477b-a208-3115622572be}</UniqueIdentifier>
    </Filter>
    <Filter Include="Asset\modelData\obj">
      <UniqueIdentifier>{985b6ba9-b72f-4429-9367-3f33c92b57a5}</UniqueIdentifier>
    </Filter>
    <Filter Include="Asset\modelData\ground">
      <UniqueIdentifier>{e5e9dee3-6e99-4079-8ded-013b5edfe962}</UniqueIdentifier>
    </Filter>
    <Filter Include="Asset\sprite">
      <UniqueIdentifier>{5632e855-b420-423b-98aa-0b47586477d5}</UniqueIdentifier>
    </Filter>
    <Filter Include="Asset\modelData\obj\sample">
      <UniqueIdentifier>{65c4f499-fa80-4564-b92f-458628db471a}</UniqueIdentifier>
    </Filter>
    <Filter Include="Asset\modelData\obj\game">
      <UniqueIdentifier>{e98c79f9-8af7-4b1d-a7fc-8bbe3e4ee7ce}</UniqueIdentifier>
    </Filter>
    <Filter Include="Asset\modelData\obj\game\rittaiya">
      <UniqueIdentifier>{4d7a0853-a33d-4971-99f5-fbdb11caf0b1}</UniqueIdentifier>
    </Filter>
    <Filter Include="Asset\shader">
      <UniqueIdentifier>{e1fa6c16-0af1-4498-9518-1aea5afea108}</UniqueIdentifier>
    </Filter>
    <Filter Include="offscreen">
      <UniqueIdentifier>{bb913c5b-c162-41f9-a746-a8ad02887be2}</UniqueIdentifier>
    </Filter>
    <Filter Include="collection">
      <UniqueIdentifier>{6b4ebd1d-9ab5-4b44-842a-a5166114c266}</UniqueIdentifier>
    </Filter>
    <Filter Include="stageselect">
      <UniqueIdentifier>{77e6f435-1f44-43b2-b907-694d69df9d2c}</UniqueIdentifier>
    </Filter>
    <Filter Include="Asset\modelData\stageselect">
      <UniqueIdentifier>{870b8b9a-624a-4732-a727-4f19141c5637}</UniqueIdentifier>
    </Filter>
    <Filter Include="Asset\modelData\obj\game\unity">
      <UniqueIdentifier>{99ea4ffa-1b0e-4ef4-b2bd-8adcd2f820c7}</UniqueIdentifier>
    </Filter>
    <Filter Include="Asset\modelData\obj\game\touhoku">
      <UniqueIdentifier>{50f44ed7-dcae-425d-8d2a-36dd943e9ee9}</UniqueIdentifier>
    </Filter>
    <Filter Include="Asset\sprite\spec">
      <UniqueIdentifier>{cf21c5dd-444e-41d8-a88f-b8165f8d6a9d}</UniqueIdentifier>
    </Filter>
  </ItemGroup>
  <ItemGroup>
    <None Include="Assets\modelData\obj\obox1.FBX">
      <Filter>Asset\modelData\obj\sample</Filter>
    </None>
    <None Include="Assets\modelData\obj\obox2.FBX">
      <Filter>Asset\modelData\obj\sample</Filter>
    </None>
    <None Include="Assets\modelData\obj\obox3.FBX">
      <Filter>Asset\modelData\obj\sample</Filter>
    </None>
    <None Include="Assets\modelData\obj\obox4.FBX">
      <Filter>Asset\modelData\obj\sample</Filter>
    </None>
    <None Include="Assets\modelData\obj\obox5.FBX">
      <Filter>Asset\modelData\obj\sample</Filter>
    </None>
    <None Include="Assets\modelData\obj\obox6.FBX">
      <Filter>Asset\modelData\obj\sample</Filter>
    </None>
    <None Include="Assets\modelData\obj\oboxpath1.FBX">
      <Filter>Asset\modelData\obj\sample</Filter>
    </None>
    <None Include="Assets\modelData\obj\ozunko.FBX">
      <Filter>Asset\modelData\obj\sample</Filter>
    </None>
    <None Include="Assets\modelData\obj\ohito.FBX">
      <Filter>Asset\modelData\obj\sample</Filter>
    </None>
    <None Include="Assets\modelData\a\a.FBX">
      <Filter>Asset\modelData</Filter>
    </None>
    <None Include="Assets\modelData\zunko\zunko.FBX">
      <Filter>Asset\modelData</Filter>
    </None>
    <None Include="Assets\modelData\earth\pointnoclear.FBX">
      <Filter>Asset\modelData\stageselect</Filter>
    </None>
    <None Include="Assets\modelData\earth\pointclear.FBX">
      <Filter>Asset\modelData\stageselect</Filter>
    </None>
    <None Include="Assets\modelData\earth\earth.FBX">
      <Filter>Asset\modelData\stageselect</Filter>
    </None>
    <None Include="Assets\modelData\earth\book.FBX">
      <Filter>Asset\modelData\stageselect</Filter>
    </None>
    <None Include="Assets\modelData\earth\battle.FBX">
      <Filter>Asset\modelData\stageselect</Filter>
    </None>
    <None Include="Assets\modelData\sphere\sphere2.FBX">
      <Filter>Asset\modelData\sphere</Filter>
    </None>
    <None Include="Assets\modelData\sphere\sphere1.FBX">
      <Filter>Asset\modelData\sphere</Filter>
    </None>
    <None Include="Assets\modelData\obj\thumbtack\othumbtack_blue.FBX">
      <Filter>Asset\modelData\obj\game</Filter>
    </None>
    <None Include="Assets\modelData\obj\thumbtack\othumbtack_red.FBX">
      <Filter>Asset\modelData\obj\game</Filter>
    </None>
    <None Include="Assets\modelData\obj\thumbtack\othumbtack.FBX">
      <Filter>Asset\modelData\obj\game</Filter>
    </None>
    <None Include="Assets\modelData\obj\sofa\osofa.FBX">
      <Filter>Asset\modelData\obj\game</Filter>
    </None>
    <None Include="Assets\modelData\obj\smartphone\osmartphone.FBX">
      <Filter>Asset\modelData\obj\game</Filter>
    </None>
    <None Include="Assets\modelData\obj\saikoro\osaikoro.FBX">
      <Filter>Asset\modelData\obj\game</Filter>
    </None>
    <None Include="Assets\modelData\obj\petbottle\opetbottle.FBX">
      <Filter>Asset\modelData\obj\game</Filter>
    </None>
    <None Include="Assets\modelData\obj\pencil\opencil_yellow.FBX">
      <Filter>Asset\modelData\obj\game</Filter>
    </None>
    <None Include="Assets\modelData\obj\pencil\opencil_blue.FBX">
      <Filter>Asset\modelData\obj\game</Filter>
    </None>
    <None Include="Assets\modelData\obj\matchstick\omatchstick.FBX">
      <Filter>Asset\modelData\obj\game</Filter>
    </None>
    <None Include="Assets\modelData\obj\mouse\omouse.FBX">
      <Filter>Asset\modelData\obj\game</Filter>
    </None>
    <None Include="Assets\modelData\obj\magnet\omagnet.FBX">
      <Filter>Asset\modelData\obj\game</Filter>
    </None>
    <None Include="Assets\modelData\obj\glass\oglass_yellow.FBX">
      <Filter>Asset\modelData\obj\game</Filter>
    </None>
    <None Include="Assets\modelData\obj\glass\oglass_blue.FBX">
      <Filter>Asset\modelData\obj\game</Filter>
    </None>
    <None Include="Assets\modelData\obj\eraser\oeraser_red.FBX">
      <Filter>Asset\modelData\obj\game</Filter>
    </None>
    <None Include="Assets\modelData\obj\eraser\oeraser_blue.FBX">
      <Filter>Asset\modelData\obj\game</Filter>
    </None>
    <None Include="Assets\modelData\obj\dougubako\odougubako.FBX">
      <Filter>Asset\modelData\obj\game</Filter>
    </None>
    <None Include="Assets\modelData\obj\domino\odomino_red.FBX">
      <Filter>Asset\modelData\obj\game</Filter>
    </None>
    <None Include="Assets\modelData\obj\domino\odomino_blue.FBX">
      <Filter>Asset\modelData\obj\game</Filter>
    </None>
    <None Include="Assets\modelData\obj\domino\odomino_green.FBX">
      <Filter>Asset\modelData\obj\game</Filter>
    </None>
    <None Include="Assets\modelData\obj\cup\ocup.FBX">
      <Filter>Asset\modelData\obj\game</Filter>
    </None>
    <None Include="Assets\modelData\obj\cockroach\ocockroach.fbx">
      <Filter>Asset\modelData\obj\game</Filter>
    </None>
    <None Include="Assets\modelData\obj\bear\obear.FBX">
      <Filter>Asset\modelData\obj\game</Filter>
    </None>
    <None Include="Assets\modelData\obj\chess\orook.FBX">
      <Filter>Asset\modelData\obj\game\unity</Filter>
    </None>
    <None Include="Assets\modelData\obj\chess\oqueen.FBX">
      <Filter>Asset\modelData\obj\game\unity</Filter>
    </None>
    <None Include="Assets\modelData\obj\dungeon\oportion.FBX">
      <Filter>Asset\modelData\obj\game\unity</Filter>
    </None>
    <None Include="Assets\modelData\obj\chess\opawn.FBX">
      <Filter>Asset\modelData\obj\game\unity</Filter>
    </None>
    <None Include="Assets\modelData\obj\chess\oknight.FBX">
      <Filter>Asset\modelData\obj\game\unity</Filter>
    </None>
    <None Include="Assets\modelData\obj\chess\oking.FBX">
      <Filter>Asset\modelData\obj\game\unity</Filter>
    </None>
    <None Include="Assets\modelData\obj\dungeon\okey.FBX">
      <Filter>Asset\modelData\obj\game\unity</Filter>
    </None>
    <None Include="Assets\modelData\obj\chess\obishop.FBX">
      <Filter>Asset\modelData\obj\game\unity</Filter>
    </None>
    <None Include="Assets\modelData\obj\touhoku\okiritan.fbx">
      <Filter>Asset\modelData\obj\game\touhoku</Filter>
    </None>
    <None Include="Assets\modelData\obj\rittaiya\otablesquare_board.FBX">
      <Filter>Asset\modelData\obj\game\rittaiya</Filter>
    </None>
    <None Include="Assets\modelData\obj\rittaiya\otablesquare.FBX">
      <Filter>Asset\modelData\obj\game\rittaiya</Filter>
    </None>
    <None Include="Assets\modelData\obj\rittaiya\ostandlight.FBX">
      <Filter>Asset\modelData\obj\game\rittaiya</Filter>
    </None>
    <None Include="Assets\modelData\obj\rittaiya\ospoon.FBX">
      <Filter>Asset\modelData\obj\game\rittaiya</Filter>
    </None>
    <None Include="Assets\modelData\obj\rittaiya\osoap.FBX">
      <Filter>Asset\modelData\obj\game\rittaiya</Filter>
    </None>
    <None Include="Assets\modelData\obj\rittaiya\oruby.FBX">
      <Filter>Asset\modelData\obj\game\rittaiya</Filter>
    </None>
    <None Include="Assets\modelData\obj\rittaiya\osapphire.FBX">
      <Filter>Asset\modelData\obj\game\rittaiya</Filter>
    </None>
    <None Include="Assets\modelData\obj\rittaiya\okabin.FBX">
      <Filter>Asset\modelData\obj\game\rittaiya</Filter>
    </None>
    <None Include="Assets\modelData\obj\rittaiya\oorange.FBX">
      <Filter>Asset\modelData\obj\game\rittaiya</Filter>
    </None>
    <None Include="Assets\modelData\obj\rittaiya\ofork.FBX">
      <Filter>Asset\modelData\obj\game\rittaiya</Filter>
    </None>
    <None Include="Assets\modelData\obj\rittaiya\oemerald.FBX">
      <Filter>Asset\modelData\obj\game\rittaiya</Filter>
    </None>
    <None Include="Assets\modelData\obj\rittaiya\odaia.FBX">
      <Filter>Asset\modelData\obj\game\rittaiya</Filter>
    </None>
    <None Include="Assets\modelData\obj\rittaiya\ocoin.FBX">
      <Filter>Asset\modelData\obj\game\rittaiya</Filter>
    </None>
    <None Include="Assets\modelData\obj\rittaiya\oclock.FBX">
      <Filter>Asset\modelData\obj\game\rittaiya</Filter>
    </None>
    <None Include="Assets\modelData\obj\rittaiya\ochair.FBX">
      <Filter>Asset\modelData\obj\game\rittaiya</Filter>
    </None>
    <None Include="Assets\modelData\obj\rittaiya\obook.FBX">
      <Filter>Asset\modelData\obj\game\rittaiya</Filter>
    </None>
    <None Include="Assets\modelData\obj\rittaiya\oapple.FBX">
      <Filter>Asset\modelData\obj\game\rittaiya</Filter>
    </None>
    <None Include="Assets\modelData\ground\ground2.FBX">
      <Filter>Asset\modelData\ground</Filter>
    </None>
    <None Include="Assets\modelData\ground\ground.FBX">
      <Filter>Asset\modelData\ground</Filter>
    </None>
    <None Include="Assets\modelData\ground\ground1.FBX">
      <Filter>Asset\modelData\ground</Filter>
    </None>
    <None Include="Assets\sprite\winner2.png">
      <Filter>Asset\sprite</Filter>
    </None>
    <None Include="Assets\sprite\tekitou.png">
      <Filter>Asset\sprite</Filter>
    </None>
    <None Include="Assets\sprite\title.png">
      <Filter>Asset\sprite</Filter>
    </None>
    <None Include="Assets\sprite\winner1.png">
      <Filter>Asset\sprite</Filter>
    </None>
    <None Include="Assets\sprite\start.png">
      <Filter>Asset\sprite</Filter>
    </None>
    <None Include="Assets\sprite\stageselect.png">
      <Filter>Asset\sprite</Filter>
    </None>
    <None Include="Assets\sprite\stageclear.png">
      <Filter>Asset\sprite</Filter>
    </None>
    <None Include="Assets\sprite\space.jpg">
      <Filter>Asset\sprite</Filter>
    </None>
    <None Include="Assets\sprite\result.png">
      <Filter>Asset\sprite</Filter>
    </None>
    <None Include="Assets\sprite\pressstart.png">
      <Filter>Asset\sprite</Filter>
    </None>
    <None Include="Assets\sprite\pause.png">
      <Filter>Asset\sprite</Filter>
    </None>
    <None Include="Assets\sprite\loading4.png">
      <Filter>Asset\sprite</Filter>
    </None>
    <None Include="Assets\sprite\loading3.png">
      <Filter>Asset\sprite</Filter>
    </None>
    <None Include="Assets\sprite\loading.png">
      <Filter>Asset\sprite</Filter>
    </None>
    <None Include="Assets\sprite\komado.png">
      <Filter>Asset\sprite</Filter>
    </None>
    <None Include="Assets\sprite\gameover.png">
      <Filter>Asset\sprite</Filter>
    </None>
    <None Include="Assets\sprite\end.png">
      <Filter>Asset\sprite</Filter>
    </None>
    <None Include="Assets\sprite\draw.png">
      <Filter>Asset\sprite</Filter>
    </None>
    <None Include="Assets\sprite\collectioncursor.png">
      <Filter>Asset\sprite</Filter>
    </None>
    <None Include="Assets\sprite\collection.png">
      <Filter>Asset\sprite</Filter>
    </None>
    <None Include="Assets\sprite\clockkari2.png">
      <Filter>Asset\sprite</Filter>
    </None>
    <None Include="Assets\sprite\clockkari.png">
      <Filter>Asset\sprite</Filter>
    </None>
    <None Include="Assets\sprite\arrow.png">
      <Filter>Asset\sprite</Filter>
    </None>
    <None Include="Assets\sprite\sapphirespec.png">
      <Filter>Asset\sprite\spec</Filter>
    </None>
    <None Include="Assets\sprite\rubyspec.png">
      <Filter>Asset\sprite\spec</Filter>
    </None>
    <None Include="Assets\sprite\emeraldspec.png">
      <Filter>Asset\sprite\spec</Filter>
    </None>
    <None Include="Assets\sprite\daiaspec.png">
      <Filter>Asset\sprite\spec</Filter>
    </None>
  </ItemGroup>
  <ItemGroup>
    <ImageContentTask Include="Assets\shader\toonmap.png">
      <Filter>Asset\shader</Filter>
    </ImageContentTask>
  </ItemGroup>
</Project>