<?xml version="1.0" encoding="utf-8"?>
<Project ToolsVersion="4.0" xmlns="http://schemas.microsoft.com/developer/msbuild/2003">
  <ItemGroup>
    <Filter Include="character">
      <UniqueIdentifier>{c57b7107-f9f3-4b72-8f3e-8644593ed533}</UniqueIdentifier>
    </Filter>
    <Filter Include="graphics">
      <UniqueIdentifier>{b7a9a0ab-a792-43fe-a5a7-760b8c976aca}</UniqueIdentifier>
    </Filter>
    <Filter Include="graphics\animation">
      <UniqueIdentifier>{d83ac002-5cd8-4ff4-977a-e7b5ebce5263}</UniqueIdentifier>
    </Filter>
    <Filter Include="level">
      <UniqueIdentifier>{73eacaf4-a5db-4539-ab55-83b9c5d4807c}</UniqueIdentifier>
    </Filter>
    <Filter Include="HID">
      <UniqueIdentifier>{bbdeed04-d9d3-4ff9-bb44-9d888be6899a}</UniqueIdentifier>
    </Filter>
    <Filter Include="math">
      <UniqueIdentifier>{39e7f303-3dac-4bde-bedf-33a5497f262e}</UniqueIdentifier>
    </Filter>
    <Filter Include="physics">
      <UniqueIdentifier>{1eed4cab-11aa-4e90-960a-a01360c5a392}</UniqueIdentifier>
    </Filter>
    <Filter Include="system">
      <UniqueIdentifier>{48b58c60-bbe2-40d8-9d2f-e81d065b6820}</UniqueIdentifier>
    </Filter>
    <Filter Include="gameobject">
      <UniqueIdentifier>{24ad14c3-d629-48c3-bf99-c437b9a910f4}</UniqueIdentifier>
    </Filter>
    <Filter Include="Util">
      <UniqueIdentifier>{76ff8ddb-6515-4edf-8618-5b045c28073d}</UniqueIdentifier>
    </Filter>
    <Filter Include="timer">
      <UniqueIdentifier>{4de27da2-cfa3-4d2d-9a0c-23415e6d330a}</UniqueIdentifier>
    </Filter>
    <Filter Include="graphics\shadow">
      <UniqueIdentifier>{c6ee7f5b-d58a-4abd-96ce-8fd738048bd5}</UniqueIdentifier>
    </Filter>
    <Filter Include="sound">
      <UniqueIdentifier>{5148b3b0-4986-49c9-b676-e8ba7856b690}</UniqueIdentifier>
    </Filter>
    <Filter Include="graphics\2D">
      <UniqueIdentifier>{3872a565-148c-4143-b097-3e8072dceabf}</UniqueIdentifier>
    </Filter>
  </ItemGroup>
  <ItemGroup>
    <ClCompile Include="math\Vector.cpp">
      <Filter>math</Filter>
    </ClCompile>
    <ClCompile Include="math\kMath.cpp">
      <Filter>math</Filter>
    </ClCompile>
    <ClCompile Include="math\Matrix.cpp">
      <Filter>math</Filter>
    </ClCompile>
    <ClCompile Include="graphics\GraphicsEngine.cpp">
      <Filter>graphics</Filter>
    </ClCompile>
    <ClCompile Include="graphics\SkinModel.cpp">
      <Filter>graphics</Filter>
    </ClCompile>
    <ClCompile Include="graphics\SkinModelDataManager.cpp">
      <Filter>graphics</Filter>
    </ClCompile>
    <ClCompile Include="graphics\Skeleton.cpp">
      <Filter>graphics</Filter>
    </ClCompile>
    <ClCompile Include="graphics\SkinModelEffect.cpp">
      <Filter>graphics</Filter>
    </ClCompile>
    <ClCompile Include="graphics\Shader.cpp">
      <Filter>graphics</Filter>
    </ClCompile>
    <ClCompile Include="graphics\ShaderResources.cpp">
      <Filter>graphics</Filter>
    </ClCompile>
    <ClCompile Include="graphics\animation\Animation.cpp">
      <Filter>graphics\animation</Filter>
    </ClCompile>
    <ClCompile Include="graphics\animation\AnimationClip.cpp">
      <Filter>graphics\animation</Filter>
    </ClCompile>
    <ClCompile Include="graphics\animation\AnimationPlayController.cpp">
      <Filter>graphics\animation</Filter>
    </ClCompile>
    <ClCompile Include="HID\Pad.cpp">
      <Filter>HID</Filter>
    </ClCompile>
    <ClCompile Include="system\system.cpp">
      <Filter>system</Filter>
    </ClCompile>
    <ClCompile Include="graphics\Camera.cpp">
      <Filter>graphics</Filter>
    </ClCompile>
    <ClCompile Include="physics\RigidBody.cpp">
      <Filter>physics</Filter>
    </ClCompile>
    <ClCompile Include="physics\Physics.cpp">
      <Filter>physics</Filter>
    </ClCompile>
    <ClCompile Include="physics\MeshCollider.cpp">
      <Filter>physics</Filter>
    </ClCompile>
    <ClCompile Include="physics\CapsuleCollider.cpp">
      <Filter>physics</Filter>
    </ClCompile>
    <ClCompile Include="physics\PhysicsStaticObject.cpp">
      <Filter>physics</Filter>
    </ClCompile>
    <ClCompile Include="character\CharacterController.cpp">
      <Filter>character</Filter>
    </ClCompile>
    <ClCompile Include="level\Level.cpp">
      <Filter>level</Filter>
    </ClCompile>
    <ClCompile Include="level\MapChip.cpp">
      <Filter>level</Filter>
    </ClCompile>
    <ClCompile Include="KGstdafx.cpp" />
    <ClCompile Include="kgEngine.cpp" />
    <ClCompile Include="graphics\RenderTarget.cpp">
      <Filter>graphics</Filter>
    </ClCompile>
    <ClCompile Include="physics\SphereCollider.cpp">
      <Filter>physics</Filter>
    </ClCompile>
    <ClCompile Include="graphics\2D\Sprite.cpp">
      <Filter>graphics\2D</Filter>
    </ClCompile>
    <ClCompile Include="physics\BoxCollider.cpp">
      <Filter>physics</Filter>
    </ClCompile>
    <ClCompile Include="graphics\shadow\kgShadowMap.cpp">
      <Filter>graphics\shadow</Filter>
    </ClCompile>
    <ClCompile Include="graphics\kgSkinModelRender.cpp">
      <Filter>graphics</Filter>
    </ClCompile>
    <ClCompile Include="gameobject\kgGameObjectManager.cpp">
      <Filter>gameobject</Filter>
    </ClCompile>
    <ClCompile Include="gameobject\kgGameObject.cpp">
      <Filter>gameobject</Filter>
    </ClCompile>
    <ClCompile Include="math\kgBox.cpp">
      <Filter>math</Filter>
    </ClCompile>
    <ClCompile Include="graphics\2D\kgFont.cpp">
      <Filter>graphics\2D</Filter>
    </ClCompile>
    <ClCompile Include="graphics\SpringCamera.cpp">
      <Filter>graphics</Filter>
    </ClCompile>
    <ClCompile Include="graphics\ToonMap.cpp">
      <Filter>graphics</Filter>
    </ClCompile>
    <ClCompile Include="graphics\PostEffect.cpp">
      <Filter>graphics</Filter>
    </ClCompile>
    <ClCompile Include="graphics\Bloom.cpp">
      <Filter>graphics</Filter>
    </ClCompile>
    <ClCompile Include="graphics\GaussianBlur.cpp">
      <Filter>graphics</Filter>
    </ClCompile>
    <ClCompile Include="sound\SoundEngine.cpp">
      <Filter>sound</Filter>
    </ClCompile>
    <ClCompile Include="sound\SoundSource.cpp">
      <Filter>sound</Filter>
    </ClCompile>
    <ClCompile Include="sound\WaveFile.cpp">
      <Filter>sound</Filter>
    </ClCompile>
    <ClCompile Include="sound\WaveFileBank.cpp">
      <Filter>sound</Filter>
    </ClCompile>
  </ItemGroup>
  <ItemGroup>
    <ClInclude Include="math\Vector.h">
      <Filter>math</Filter>
    </ClInclude>
    <ClInclude Include="math\kMath.h">
      <Filter>math</Filter>
    </ClInclude>
    <ClInclude Include="math\Matrix.h">
      <Filter>math</Filter>
    </ClInclude>
    <ClInclude Include="graphics\GraphicsEngine.h">
      <Filter>graphics</Filter>
    </ClInclude>
    <ClInclude Include="graphics\SkinModel.h">
      <Filter>graphics</Filter>
    </ClInclude>
    <ClInclude Include="graphics\SkinModelDataManager.h">
      <Filter>graphics</Filter>
    </ClInclude>
    <ClInclude Include="graphics\Skeleton.h">
      <Filter>graphics</Filter>
    </ClInclude>
    <ClInclude Include="graphics\SkinModelEffect.h">
      <Filter>graphics</Filter>
    </ClInclude>
    <ClInclude Include="graphics\Shader.h">
      <Filter>graphics</Filter>
    </ClInclude>
    <ClInclude Include="graphics\SkinModelShaderConst.h">
      <Filter>graphics</Filter>
    </ClInclude>
    <ClInclude Include="graphics\ShaderResources.h">
      <Filter>graphics</Filter>
    </ClInclude>
    <ClInclude Include="graphics\animation\Animation.h">
      <Filter>graphics\animation</Filter>
    </ClInclude>
    <ClInclude Include="graphics\animation\AnimationClip.h">
      <Filter>graphics\animation</Filter>
    </ClInclude>
    <ClInclude Include="graphics\animation\AnimationPlayController.h">
      <Filter>graphics\animation</Filter>
    </ClInclude>
    <ClInclude Include="HID\Pad.h">
      <Filter>HID</Filter>
    </ClInclude>
    <ClInclude Include="system\system.h">
      <Filter>system</Filter>
    </ClInclude>
    <ClInclude Include="graphics\Camera.h">
      <Filter>graphics</Filter>
    </ClInclude>
    <ClInclude Include="physics\RigidBody.h">
      <Filter>physics</Filter>
    </ClInclude>
    <ClInclude Include="physics\Physics.h">
      <Filter>physics</Filter>
    </ClInclude>
    <ClInclude Include="physics\ICollider.h">
      <Filter>physics</Filter>
    </ClInclude>
    <ClInclude Include="physics\CapsuleCollider.h">
      <Filter>physics</Filter>
    </ClInclude>
    <ClInclude Include="physics\CollisionAttr.h">
      <Filter>physics</Filter>
    </ClInclude>
    <ClInclude Include="physics\PhysicsStaticObject.h">
      <Filter>physics</Filter>
    </ClInclude>
    <ClInclude Include="character\CharacterController.h">
      <Filter>character</Filter>
    </ClInclude>
    <ClInclude Include="level\Level.h">
      <Filter>level</Filter>
    </ClInclude>
    <ClInclude Include="level\MapChip.h">
      <Filter>level</Filter>
    </ClInclude>
    <ClInclude Include="KGstdafx.h" />
    <ClInclude Include="kgEngine.h" />
    <ClInclude Include="Noncopyable.h" />
    <ClInclude Include="util\Util.h">
      <Filter>Util</Filter>
    </ClInclude>
    <ClInclude Include="graphics\RenderTarget.h">
      <Filter>graphics</Filter>
    </ClInclude>
    <ClInclude Include="physics\SphereCollider.h">
      <Filter>physics</Filter>
    </ClInclude>
    <ClInclude Include="graphics\2D\Sprite.h">
      <Filter>graphics\2D</Filter>
    </ClInclude>
    <ClInclude Include="physics\BoxCollider.h">
      <Filter>physics</Filter>
    </ClInclude>
    <ClInclude Include="graphics\shadow\kgShadowMap.h">
      <Filter>graphics\shadow</Filter>
    </ClInclude>
    <ClInclude Include="graphics\kgSkinModelRender.h">
      <Filter>graphics</Filter>
    </ClInclude>
    <ClInclude Include="timer\StopWatch.h">
      <Filter>timer</Filter>
    </ClInclude>
    <ClInclude Include="timer\GameTime.h">
      <Filter>timer</Filter>
    </ClInclude>
    <ClInclude Include="gameobject\kgGameObjectManager.h">
      <Filter>gameobject</Filter>
    </ClInclude>
    <ClInclude Include="gameobject\kgGameObject.h">
      <Filter>gameobject</Filter>
    </ClInclude>
    <ClInclude Include="math\kgBox.h">
      <Filter>math</Filter>
    </ClInclude>
    <ClInclude Include="graphics\2D\kgFont.h">
      <Filter>graphics\2D</Filter>
    </ClInclude>
    <ClInclude Include="graphics\SpringCamera.h">
      <Filter>graphics</Filter>
    </ClInclude>
    <ClInclude Include="graphics\ToonMap.h">
      <Filter>graphics</Filter>
    </ClInclude>
    <ClInclude Include="graphics\PostEffect.h">
      <Filter>graphics</Filter>
    </ClInclude>
    <ClInclude Include="graphics\Bloom.h">
      <Filter>graphics</Filter>
    </ClInclude>
    <ClInclude Include="graphics\GaussianBlur.h">
      <Filter>graphics</Filter>
    </ClInclude>
    <ClInclude Include="sound\SoundEngine.h">
      <Filter>sound</Filter>
    </ClInclude>
    <ClInclude Include="sound\SoundSource.h">
      <Filter>sound</Filter>
    </ClInclude>
    <ClInclude Include="sound\WaveFile.h">
      <Filter>sound</Filter>
    </ClInclude>
    <ClInclude Include="sound\WaveFileBank.h">
      <Filter>sound</Filter>
    </ClInclude>
  </ItemGroup>
</Project>